// !$*UTF8*$!
{
	archiveVersion = 1;
	classes = {
	};
	objectVersion = 50;
	objects = {

/* Begin PBXBuildFile section */
		DD67449A2C8074130022971D /* ChapterSelectView.swift in Sources */ = {isa = PBXBuildFile; fileRef = DD6744992C8074130022971D /* ChapterSelectView.swift */; };
		DD67449E2C8074310022971D /* AudioView.swift in Sources */ = {isa = PBXBuildFile; fileRef = DD67449D2C8074310022971D /* AudioView.swift */; };
		DD6744A32C8074E70022971D /* BookItemView.swift in Sources */ = {isa = PBXBuildFile; fileRef = DD6744A22C8074E70022971D /* BookItemView.swift */; };
		DD6744A82C8077840022971D /* CustomIcons.swift in Sources */ = {isa = PBXBuildFile; fileRef = DD6744A72C8077840022971D /* CustomIcons.swift */; };
		DD6744B82C807DB60022971D /* Roboto-BoldItalic.ttf in Resources */ = {isa = PBXBuildFile; fileRef = DD6744AC2C807DB50022971D /* Roboto-BoldItalic.ttf */; };
		DD6744B92C807DB60022971D /* Roboto-Black.ttf in Resources */ = {isa = PBXBuildFile; fileRef = DD6744AD2C807DB50022971D /* Roboto-Black.ttf */; };
		DD6744BA2C807DB60022971D /* Roboto-Bold.ttf in Resources */ = {isa = PBXBuildFile; fileRef = DD6744AE2C807DB50022971D /* Roboto-Bold.ttf */; };
		DD6744BB2C807DB60022971D /* Roboto-LightItalic.ttf in Resources */ = {isa = PBXBuildFile; fileRef = DD6744AF2C807DB50022971D /* Roboto-LightItalic.ttf */; };
		DD6744BC2C807DB60022971D /* Roboto-Thin.ttf in Resources */ = {isa = PBXBuildFile; fileRef = DD6744B02C807DB50022971D /* Roboto-Thin.ttf */; };
		DD6744BD2C807DB60022971D /* Roboto-Light.ttf in Resources */ = {isa = PBXBuildFile; fileRef = DD6744B12C807DB50022971D /* Roboto-Light.ttf */; };
		DD6744BE2C807DB60022971D /* Roboto-MediumItalic.ttf in Resources */ = {isa = PBXBuildFile; fileRef = DD6744B22C807DB60022971D /* Roboto-MediumItalic.ttf */; };
		DD6744BF2C807DB60022971D /* Roboto-ThinItalic.ttf in Resources */ = {isa = PBXBuildFile; fileRef = DD6744B32C807DB60022971D /* Roboto-ThinItalic.ttf */; };
		DD6744C02C807DB60022971D /* Roboto-BlackItalic.ttf in Resources */ = {isa = PBXBuildFile; fileRef = DD6744B42C807DB60022971D /* Roboto-BlackItalic.ttf */; };
		DD6744C12C807DB60022971D /* Roboto-Medium.ttf in Resources */ = {isa = PBXBuildFile; fileRef = DD6744B52C807DB60022971D /* Roboto-Medium.ttf */; };
		DD6744C22C807DB60022971D /* Roboto-Regular.ttf in Resources */ = {isa = PBXBuildFile; fileRef = DD6744B62C807DB60022971D /* Roboto-Regular.ttf */; };
		DD6744C32C807DB60022971D /* Roboto-Italic.ttf in Resources */ = {isa = PBXBuildFile; fileRef = DD6744B72C807DB60022971D /* Roboto-Italic.ttf */; };
		DD6744C62C8085D20022971D /* CustomFonts.swift in Sources */ = {isa = PBXBuildFile; fileRef = DD6744C52C8085D20022971D /* CustomFonts.swift */; };
		DD6B09DF2C7F70B40077A0F9 /* CustomImages.swift in Sources */ = {isa = PBXBuildFile; fileRef = DD6B09DE2C7F70B40077A0F9 /* CustomImages.swift */; };
		DD6B09E42C7F78D80077A0F9 /* CustomColor.swift in Sources */ = {isa = PBXBuildFile; fileRef = DD6B09E32C7F78D80077A0F9 /* CustomColor.swift */; };
		DD8963DD2C7F510200428C12 /* NoulTestamentApp.swift in Sources */ = {isa = PBXBuildFile; fileRef = DD8963DC2C7F510200428C12 /* NoulTestamentApp.swift */; };
		DD8963DF2C7F510200428C12 /* BookSelectView.swift in Sources */ = {isa = PBXBuildFile; fileRef = DD8963DE2C7F510200428C12 /* BookSelectView.swift */; };
		DD8963E12C7F510300428C12 /* Assets.xcassets in Resources */ = {isa = PBXBuildFile; fileRef = DD8963E02C7F510300428C12 /* Assets.xcassets */; };
		DD8963E42C7F510300428C12 /* Preview Assets.xcassets in Resources */ = {isa = PBXBuildFile; fileRef = DD8963E32C7F510300428C12 /* Preview Assets.xcassets */; };
/* End PBXBuildFile section */

/* Begin PBXFileReference section */
		DD6744992C8074130022971D /* ChapterSelectView.swift */ = {isa = PBXFileReference; lastKnownFileType = sourcecode.swift; path = ChapterSelectView.swift; sourceTree = "<group>"; };
		DD67449D2C8074310022971D /* AudioView.swift */ = {isa = PBXFileReference; lastKnownFileType = sourcecode.swift; path = AudioView.swift; sourceTree = "<group>"; };
		DD6744A22C8074E70022971D /* BookItemView.swift */ = {isa = PBXFileReference; lastKnownFileType = sourcecode.swift; path = BookItemView.swift; sourceTree = "<group>"; };
		DD6744A72C8077840022971D /* CustomIcons.swift */ = {isa = PBXFileReference; lastKnownFileType = sourcecode.swift; path = CustomIcons.swift; sourceTree = "<group>"; };
		DD6744AC2C807DB50022971D /* Roboto-BoldItalic.ttf */ = {isa = PBXFileReference; lastKnownFileType = file; path = "Roboto-BoldItalic.ttf"; sourceTree = "<group>"; };
		DD6744AD2C807DB50022971D /* Roboto-Black.ttf */ = {isa = PBXFileReference; lastKnownFileType = file; path = "Roboto-Black.ttf"; sourceTree = "<group>"; };
		DD6744AE2C807DB50022971D /* Roboto-Bold.ttf */ = {isa = PBXFileReference; lastKnownFileType = file; path = "Roboto-Bold.ttf"; sourceTree = "<group>"; };
		DD6744AF2C807DB50022971D /* Roboto-LightItalic.ttf */ = {isa = PBXFileReference; lastKnownFileType = file; path = "Roboto-LightItalic.ttf"; sourceTree = "<group>"; };
		DD6744B02C807DB50022971D /* Roboto-Thin.ttf */ = {isa = PBXFileReference; lastKnownFileType = file; path = "Roboto-Thin.ttf"; sourceTree = "<group>"; };
		DD6744B12C807DB50022971D /* Roboto-Light.ttf */ = {isa = PBXFileReference; lastKnownFileType = file; path = "Roboto-Light.ttf"; sourceTree = "<group>"; };
		DD6744B22C807DB60022971D /* Roboto-MediumItalic.ttf */ = {isa = PBXFileReference; lastKnownFileType = file; path = "Roboto-MediumItalic.ttf"; sourceTree = "<group>"; };
		DD6744B32C807DB60022971D /* Roboto-ThinItalic.ttf */ = {isa = PBXFileReference; lastKnownFileType = file; path = "Roboto-ThinItalic.ttf"; sourceTree = "<group>"; };
		DD6744B42C807DB60022971D /* Roboto-BlackItalic.ttf */ = {isa = PBXFileReference; lastKnownFileType = file; path = "Roboto-BlackItalic.ttf"; sourceTree = "<group>"; };
		DD6744B52C807DB60022971D /* Roboto-Medium.ttf */ = {isa = PBXFileReference; lastKnownFileType = file; path = "Roboto-Medium.ttf"; sourceTree = "<group>"; };
		DD6744B62C807DB60022971D /* Roboto-Regular.ttf */ = {isa = PBXFileReference; lastKnownFileType = file; path = "Roboto-Regular.ttf"; sourceTree = "<group>"; };
		DD6744B72C807DB60022971D /* Roboto-Italic.ttf */ = {isa = PBXFileReference; lastKnownFileType = file; path = "Roboto-Italic.ttf"; sourceTree = "<group>"; };
		DD6744C52C8085D20022971D /* CustomFonts.swift */ = {isa = PBXFileReference; lastKnownFileType = sourcecode.swift; path = CustomFonts.swift; sourceTree = "<group>"; };
		DD6B09DE2C7F70B40077A0F9 /* CustomImages.swift */ = {isa = PBXFileReference; lastKnownFileType = sourcecode.swift; path = CustomImages.swift; sourceTree = "<group>"; };
		DD6B09E32C7F78D80077A0F9 /* CustomColor.swift */ = {isa = PBXFileReference; lastKnownFileType = sourcecode.swift; path = CustomColor.swift; sourceTree = "<group>"; };
		DD8963D92C7F510200428C12 /* NoulTestament.app */ = {isa = PBXFileReference; explicitFileType = wrapper.application; includeInIndex = 0; path = NoulTestament.app; sourceTree = BUILT_PRODUCTS_DIR; };
		DD8963DC2C7F510200428C12 /* NoulTestamentApp.swift */ = {isa = PBXFileReference; lastKnownFileType = sourcecode.swift; path = NoulTestamentApp.swift; sourceTree = "<group>"; };
		DD8963DE2C7F510200428C12 /* BookSelectView.swift */ = {isa = PBXFileReference; lastKnownFileType = sourcecode.swift; path = BookSelectView.swift; sourceTree = "<group>"; };
		DD8963E02C7F510300428C12 /* Assets.xcassets */ = {isa = PBXFileReference; lastKnownFileType = folder.assetcatalog; path = Assets.xcassets; sourceTree = "<group>"; };
		DD8963E32C7F510300428C12 /* Preview Assets.xcassets */ = {isa = PBXFileReference; lastKnownFileType = folder.assetcatalog; path = "Preview Assets.xcassets"; sourceTree = "<group>"; };
		DD8963E52C7F510300428C12 /* Info.plist */ = {isa = PBXFileReference; lastKnownFileType = text.plist.xml; path = Info.plist; sourceTree = "<group>"; };
/* End PBXFileReference section */

/* Begin PBXFrameworksBuildPhase section */
		DD8963D62C7F510200428C12 /* Frameworks */ = {
			isa = PBXFrameworksBuildPhase;
			buildActionMask = 2147483647;
			files = (
			);
			runOnlyForDeploymentPostprocessing = 0;
		};
/* End PBXFrameworksBuildPhase section */

/* Begin PBXGroup section */
		DD6744982C8073750022971D /* Pages */ = {
			isa = PBXGroup;
			children = (
				DD8963DE2C7F510200428C12 /* BookSelectView.swift */,
				DD6744992C8074130022971D /* ChapterSelectView.swift */,
				DD67449D2C8074310022971D /* AudioView.swift */,
			);
			path = Pages;
			sourceTree = "<group>";
		};
		DD6744A12C8074A40022971D /* ListItems */ = {
			isa = PBXGroup;
			children = (
				DD6744A22C8074E70022971D /* BookItemView.swift */,
			);
			path = ListItems;
			sourceTree = "<group>";
		};
		DD6744A62C8077650022971D /* Icons */ = {
			isa = PBXGroup;
			children = (
				DD6744A72C8077840022971D /* CustomIcons.swift */,
			);
			path = Icons;
			sourceTree = "<group>";
		};
		DD6744AB2C807D570022971D /* Fonts */ = {
			isa = PBXGroup;
			children = (
				DD6744AD2C807DB50022971D /* Roboto-Black.ttf */,
				DD6744B42C807DB60022971D /* Roboto-BlackItalic.ttf */,
				DD6744AE2C807DB50022971D /* Roboto-Bold.ttf */,
				DD6744AC2C807DB50022971D /* Roboto-BoldItalic.ttf */,
				DD6744B72C807DB60022971D /* Roboto-Italic.ttf */,
				DD6744B12C807DB50022971D /* Roboto-Light.ttf */,
				DD6744AF2C807DB50022971D /* Roboto-LightItalic.ttf */,
				DD6744B52C807DB60022971D /* Roboto-Medium.ttf */,
				DD6744B22C807DB60022971D /* Roboto-MediumItalic.ttf */,
				DD6744B62C807DB60022971D /* Roboto-Regular.ttf */,
				DD6744B02C807DB50022971D /* Roboto-Thin.ttf */,
				DD6744B32C807DB60022971D /* Roboto-ThinItalic.ttf */,
				DD6744C52C8085D20022971D /* CustomFonts.swift */,
			);
			path = Fonts;
			sourceTree = "<group>";
		};
		DD6B09D92C7F6E1A0077A0F9 /* App */ = {
			isa = PBXGroup;
			children = (
				DD6744A12C8074A40022971D /* ListItems */,
				DD6744982C8073750022971D /* Pages */,
				DD8963DC2C7F510200428C12 /* NoulTestamentApp.swift */,
			);
			path = App;
			sourceTree = "<group>";
		};
		DD6B09DA2C7F6E410077A0F9 /* Configuration */ = {
			isa = PBXGroup;
			children = (
				DD8963E52C7F510300428C12 /* Info.plist */,
			);
			path = Configuration;
			sourceTree = "<group>";
		};
		DD6B09DB2C7F6E4E0077A0F9 /* Resources */ = {
			isa = PBXGroup;
			children = (
				DD6B09E22C7F78C30077A0F9 /* Colors */,
				DD6744A62C8077650022971D /* Icons */,
				DD6744AB2C807D570022971D /* Fonts */,
				DD6B09DD2C7F70820077A0F9 /* Images */,
				DD8963E02C7F510300428C12 /* Assets.xcassets */,
				DD8963E22C7F510300428C12 /* Preview Content */,
			);
			path = Resources;
			sourceTree = "<group>";
		};
		DD6B09DD2C7F70820077A0F9 /* Images */ = {
			isa = PBXGroup;
			children = (
				DD6B09DE2C7F70B40077A0F9 /* CustomImages.swift */,
			);
			path = Images;
			sourceTree = "<group>";
		};
		DD6B09E22C7F78C30077A0F9 /* Colors */ = {
			isa = PBXGroup;
			children = (
				DD6B09E32C7F78D80077A0F9 /* CustomColor.swift */,
			);
			path = Colors;
			sourceTree = "<group>";
		};
		DD8963D02C7F510200428C12 = {
			isa = PBXGroup;
			children = (
				DD8963DB2C7F510200428C12 /* NoulTestament */,
				DD8963DA2C7F510200428C12 /* Products */,
			);
			sourceTree = "<group>";
		};
		DD8963DA2C7F510200428C12 /* Products */ = {
			isa = PBXGroup;
			children = (
				DD8963D92C7F510200428C12 /* NoulTestament.app */,
			);
			name = Products;
			sourceTree = "<group>";
		};
		DD8963DB2C7F510200428C12 /* NoulTestament */ = {
			isa = PBXGroup;
			children = (
				DD6B09D92C7F6E1A0077A0F9 /* App */,
				DD6B09DB2C7F6E4E0077A0F9 /* Resources */,
				DD6B09DA2C7F6E410077A0F9 /* Configuration */,
			);
			path = NoulTestament;
			sourceTree = "<group>";
		};
		DD8963E22C7F510300428C12 /* Preview Content */ = {
			isa = PBXGroup;
			children = (
				DD8963E32C7F510300428C12 /* Preview Assets.xcassets */,
			);
			path = "Preview Content";
			sourceTree = "<group>";
		};
/* End PBXGroup section */

/* Begin PBXNativeTarget section */
		DD8963D82C7F510200428C12 /* NoulTestament */ = {
			isa = PBXNativeTarget;
			buildConfigurationList = DD8963E82C7F510300428C12 /* Build configuration list for PBXNativeTarget "NoulTestament" */;
			buildPhases = (
				DD8963D52C7F510200428C12 /* Sources */,
				DD8963D62C7F510200428C12 /* Frameworks */,
				DD8963D72C7F510200428C12 /* Resources */,
			);
			buildRules = (
			);
			dependencies = (
			);
			name = NoulTestament;
			productName = NoulTestament;
			productReference = DD8963D92C7F510200428C12 /* NoulTestament.app */;
			productType = "com.apple.product-type.application";
		};
/* End PBXNativeTarget section */

/* Begin PBXProject section */
		DD8963D12C7F510200428C12 /* Project object */ = {
			isa = PBXProject;
			attributes = {
				LastSwiftUpdateCheck = 1240;
				LastUpgradeCheck = 1240;
				TargetAttributes = {
					DD8963D82C7F510200428C12 = {
						CreatedOnToolsVersion = 12.4;
					};
				};
			};
			buildConfigurationList = DD8963D42C7F510200428C12 /* Build configuration list for PBXProject "NoulTestament" */;
			compatibilityVersion = "Xcode 9.3";
			developmentRegion = en;
			hasScannedForEncodings = 0;
			knownRegions = (
				en,
				Base,
			);
			mainGroup = DD8963D02C7F510200428C12;
			productRefGroup = DD8963DA2C7F510200428C12 /* Products */;
			projectDirPath = "";
			projectRoot = "";
			targets = (
				DD8963D82C7F510200428C12 /* NoulTestament */,
			);
		};
/* End PBXProject section */

/* Begin PBXResourcesBuildPhase section */
		DD8963D72C7F510200428C12 /* Resources */ = {
			isa = PBXResourcesBuildPhase;
			buildActionMask = 2147483647;
			files = (
				DD6744BF2C807DB60022971D /* Roboto-ThinItalic.ttf in Resources */,
				DD6744BC2C807DB60022971D /* Roboto-Thin.ttf in Resources */,
				DD6744B82C807DB60022971D /* Roboto-BoldItalic.ttf in Resources */,
				DD8963E42C7F510300428C12 /* Preview Assets.xcassets in Resources */,
				DD6744BB2C807DB60022971D /* Roboto-LightItalic.ttf in Resources */,
				DD6744BA2C807DB60022971D /* Roboto-Bold.ttf in Resources */,
				DD6744C02C807DB60022971D /* Roboto-BlackItalic.ttf in Resources */,
				DD8963E12C7F510300428C12 /* Assets.xcassets in Resources */,
				DD6744C12C807DB60022971D /* Roboto-Medium.ttf in Resources */,
				DD6744BD2C807DB60022971D /* Roboto-Light.ttf in Resources */,
				DD6744C22C807DB60022971D /* Roboto-Regular.ttf in Resources */,
				DD6744C32C807DB60022971D /* Roboto-Italic.ttf in Resources */,
				DD6744BE2C807DB60022971D /* Roboto-MediumItalic.ttf in Resources */,
				DD6744B92C807DB60022971D /* Roboto-Black.ttf in Resources */,
			);
			runOnlyForDeploymentPostprocessing = 0;
		};
/* End PBXResourcesBuildPhase section */

/* Begin PBXSourcesBuildPhase section */
		DD8963D52C7F510200428C12 /* Sources */ = {
			isa = PBXSourcesBuildPhase;
			buildActionMask = 2147483647;
			files = (
				DD8963DF2C7F510200428C12 /* BookSelectView.swift in Sources */,
				DD6744A32C8074E70022971D /* BookItemView.swift in Sources */,
				DD67449E2C8074310022971D /* AudioView.swift in Sources */,
				DD6744C62C8085D20022971D /* CustomFonts.swift in Sources */,
				DD6744A82C8077840022971D /* CustomIcons.swift in Sources */,
				DD6B09DF2C7F70B40077A0F9 /* CustomImages.swift in Sources */,
				DD6B09E42C7F78D80077A0F9 /* CustomColor.swift in Sources */,
				DD67449A2C8074130022971D /* ChapterSelectView.swift in Sources */,
				DD8963DD2C7F510200428C12 /* NoulTestamentApp.swift in Sources */,
			);
			runOnlyForDeploymentPostprocessing = 0;
		};
/* End PBXSourcesBuildPhase section */

/* Begin XCBuildConfiguration section */
		DD8963E62C7F510300428C12 /* Debug */ = {
			isa = XCBuildConfiguration;
			buildSettings = {
				ALWAYS_SEARCH_USER_PATHS = NO;
				CLANG_ANALYZER_NONNULL = YES;
				CLANG_ANALYZER_NUMBER_OBJECT_CONVERSION = YES_AGGRESSIVE;
				CLANG_CXX_LANGUAGE_STANDARD = "gnu++14";
				CLANG_CXX_LIBRARY = "libc++";
				CLANG_ENABLE_MODULES = YES;
				CLANG_ENABLE_OBJC_ARC = YES;
				CLANG_ENABLE_OBJC_WEAK = YES;
				CLANG_WARN_BLOCK_CAPTURE_AUTORELEASING = YES;
				CLANG_WARN_BOOL_CONVERSION = YES;
				CLANG_WARN_COMMA = YES;
				CLANG_WARN_CONSTANT_CONVERSION = YES;
				CLANG_WARN_DEPRECATED_OBJC_IMPLEMENTATIONS = YES;
				CLANG_WARN_DIRECT_OBJC_ISA_USAGE = YES_ERROR;
				CLANG_WARN_DOCUMENTATION_COMMENTS = YES;
				CLANG_WARN_EMPTY_BODY = YES;
				CLANG_WARN_ENUM_CONVERSION = YES;
				CLANG_WARN_INFINITE_RECURSION = YES;
				CLANG_WARN_INT_CONVERSION = YES;
				CLANG_WARN_NON_LITERAL_NULL_CONVERSION = YES;
				CLANG_WARN_OBJC_IMPLICIT_RETAIN_SELF = YES;
				CLANG_WARN_OBJC_LITERAL_CONVERSION = YES;
				CLANG_WARN_OBJC_ROOT_CLASS = YES_ERROR;
				CLANG_WARN_QUOTED_INCLUDE_IN_FRAMEWORK_HEADER = YES;
				CLANG_WARN_RANGE_LOOP_ANALYSIS = YES;
				CLANG_WARN_STRICT_PROTOTYPES = YES;
				CLANG_WARN_SUSPICIOUS_MOVE = YES;
				CLANG_WARN_UNGUARDED_AVAILABILITY = YES_AGGRESSIVE;
				CLANG_WARN_UNREACHABLE_CODE = YES;
				CLANG_WARN__DUPLICATE_METHOD_MATCH = YES;
				COPY_PHASE_STRIP = NO;
				DEBUG_INFORMATION_FORMAT = dwarf;
				ENABLE_STRICT_OBJC_MSGSEND = YES;
				ENABLE_TESTABILITY = YES;
				GCC_C_LANGUAGE_STANDARD = gnu11;
				GCC_DYNAMIC_NO_PIC = NO;
				GCC_NO_COMMON_BLOCKS = YES;
				GCC_OPTIMIZATION_LEVEL = 0;
				GCC_PREPROCESSOR_DEFINITIONS = (
					"DEBUG=1",
					"$(inherited)",
				);
				GCC_WARN_64_TO_32_BIT_CONVERSION = YES;
				GCC_WARN_ABOUT_RETURN_TYPE = YES_ERROR;
				GCC_WARN_UNDECLARED_SELECTOR = YES;
				GCC_WARN_UNINITIALIZED_AUTOS = YES_AGGRESSIVE;
				GCC_WARN_UNUSED_FUNCTION = YES;
				GCC_WARN_UNUSED_VARIABLE = YES;
				IPHONEOS_DEPLOYMENT_TARGET = 14.4;
				MTL_ENABLE_DEBUG_INFO = INCLUDE_SOURCE;
				MTL_FAST_MATH = YES;
				ONLY_ACTIVE_ARCH = YES;
				SDKROOT = iphoneos;
				SWIFT_ACTIVE_COMPILATION_CONDITIONS = DEBUG;
				SWIFT_OPTIMIZATION_LEVEL = "-Onone";
			};
			name = Debug;
		};
		DD8963E72C7F510300428C12 /* Release */ = {
			isa = XCBuildConfiguration;
			buildSettings = {
				ALWAYS_SEARCH_USER_PATHS = NO;
				CLANG_ANALYZER_NONNULL = YES;
				CLANG_ANALYZER_NUMBER_OBJECT_CONVERSION = YES_AGGRESSIVE;
				CLANG_CXX_LANGUAGE_STANDARD = "gnu++14";
				CLANG_CXX_LIBRARY = "libc++";
				CLANG_ENABLE_MODULES = YES;
				CLANG_ENABLE_OBJC_ARC = YES;
				CLANG_ENABLE_OBJC_WEAK = YES;
				CLANG_WARN_BLOCK_CAPTURE_AUTORELEASING = YES;
				CLANG_WARN_BOOL_CONVERSION = YES;
				CLANG_WARN_COMMA = YES;
				CLANG_WARN_CONSTANT_CONVERSION = YES;
				CLANG_WARN_DEPRECATED_OBJC_IMPLEMENTATIONS = YES;
				CLANG_WARN_DIRECT_OBJC_ISA_USAGE = YES_ERROR;
				CLANG_WARN_DOCUMENTATION_COMMENTS = YES;
				CLANG_WARN_EMPTY_BODY = YES;
				CLANG_WARN_ENUM_CONVERSION = YES;
				CLANG_WARN_INFINITE_RECURSION = YES;
				CLANG_WARN_INT_CONVERSION = YES;
				CLANG_WARN_NON_LITERAL_NULL_CONVERSION = YES;
				CLANG_WARN_OBJC_IMPLICIT_RETAIN_SELF = YES;
				CLANG_WARN_OBJC_LITERAL_CONVERSION = YES;
				CLANG_WARN_OBJC_ROOT_CLASS = YES_ERROR;
				CLANG_WARN_QUOTED_INCLUDE_IN_FRAMEWORK_HEADER = YES;
				CLANG_WARN_RANGE_LOOP_ANALYSIS = YES;
				CLANG_WARN_STRICT_PROTOTYPES = YES;
				CLANG_WARN_SUSPICIOUS_MOVE = YES;
				CLANG_WARN_UNGUARDED_AVAILABILITY = YES_AGGRESSIVE;
				CLANG_WARN_UNREACHABLE_CODE = YES;
				CLANG_WARN__DUPLICATE_METHOD_MATCH = YES;
				COPY_PHASE_STRIP = NO;
				DEBUG_INFORMATION_FORMAT = "dwarf-with-dsym";
				ENABLE_NS_ASSERTIONS = NO;
				ENABLE_STRICT_OBJC_MSGSEND = YES;
				GCC_C_LANGUAGE_STANDARD = gnu11;
				GCC_NO_COMMON_BLOCKS = YES;
				GCC_WARN_64_TO_32_BIT_CONVERSION = YES;
				GCC_WARN_ABOUT_RETURN_TYPE = YES_ERROR;
				GCC_WARN_UNDECLARED_SELECTOR = YES;
				GCC_WARN_UNINITIALIZED_AUTOS = YES_AGGRESSIVE;
				GCC_WARN_UNUSED_FUNCTION = YES;
				GCC_WARN_UNUSED_VARIABLE = YES;
				IPHONEOS_DEPLOYMENT_TARGET = 14.4;
				MTL_ENABLE_DEBUG_INFO = NO;
				MTL_FAST_MATH = YES;
				SDKROOT = iphoneos;
				SWIFT_COMPILATION_MODE = wholemodule;
				SWIFT_OPTIMIZATION_LEVEL = "-O";
				VALIDATE_PRODUCT = YES;
			};
			name = Release;
		};
		DD8963E92C7F510300428C12 /* Debug */ = {
			isa = XCBuildConfiguration;
			buildSettings = {
				ASSETCATALOG_COMPILER_APPICON_NAME = AppIcon;
				ASSETCATALOG_COMPILER_GLOBAL_ACCENT_COLOR_NAME = AccentColor;
				CODE_SIGN_STYLE = Automatic;
				DEVELOPMENT_ASSET_PATHS = "\"NoulTestament/Resources/Preview Content\"";
				ENABLE_PREVIEWS = YES;
				INFOPLIST_FILE = NoulTestament/Configuration/Info.plist;
				IPHONEOS_DEPLOYMENT_TARGET = 14.0;
				LD_RUNPATH_SEARCH_PATHS = (
					"$(inherited)",
					"@executable_path/Frameworks",
				);
				PRODUCT_BUNDLE_IDENTIFIER = com.bible.NoulTestament;
				PRODUCT_NAME = "$(TARGET_NAME)";
				SWIFT_VERSION = 5.0;
				TARGETED_DEVICE_FAMILY = "1,2";
			};
			name = Debug;
		};
		DD8963EA2C7F510300428C12 /* Release */ = {
			isa = XCBuildConfiguration;
			buildSettings = {
				ASSETCATALOG_COMPILER_APPICON_NAME = AppIcon;
				ASSETCATALOG_COMPILER_GLOBAL_ACCENT_COLOR_NAME = AccentColor;
				CODE_SIGN_STYLE = Automatic;
				DEVELOPMENT_ASSET_PATHS = "\"NoulTestament/Resources/Preview Content\"";
				ENABLE_PREVIEWS = YES;
				INFOPLIST_FILE = NoulTestament/Configuration/Info.plist;
				IPHONEOS_DEPLOYMENT_TARGET = 14.0;
				LD_RUNPATH_SEARCH_PATHS = (
					"$(inherited)",
					"@executable_path/Frameworks",
				);
				PRODUCT_BUNDLE_IDENTIFIER = com.bible.NoulTestament;
				PRODUCT_NAME = "$(TARGET_NAME)";
				SWIFT_VERSION = 5.0;
				TARGETED_DEVICE_FAMILY = "1,2";
			};
			name = Release;
		};
/* End XCBuildConfiguration section */

/* Begin XCConfigurationList section */
		DD8963D42C7F510200428C12 /* Build configuration list for PBXProject "NoulTestament" */ = {
			isa = XCConfigurationList;
			buildConfigurations = (
				DD8963E62C7F510300428C12 /* Debug */,
				DD8963E72C7F510300428C12 /* Release */,
			);
			defaultConfigurationIsVisible = 0;
			defaultConfigurationName = Release;
		};
		DD8963E82C7F510300428C12 /* Build configuration list for PBXNativeTarget "NoulTestament" */ = {
			isa = XCConfigurationList;
			buildConfigurations = (
				DD8963E92C7F510300428C12 /* Debug */,
				DD8963EA2C7F510300428C12 /* Release */,
			);
			defaultConfigurationIsVisible = 0;
			defaultConfigurationName = Release;
		};
/* End XCConfigurationList section */
	};
	rootObject = DD8963D12C7F510200428C12 /* Project object */;
}
